// !$*UTF8*$!
{
	archiveVersion = 1;
	classes = {
	};
	objectVersion = 56;
	objects = {

/* Begin PBXBuildFile section */
		243E83E4CA4A7D75F2A6B066 /* Pods_MyUber.framework in Frameworks */ = {isa = PBXBuildFile; fileRef = 1DCBA0FB49679D234A61A8D8 /* Pods_MyUber.framework */; };
		810500972B81F86300EA2461 /* User.swift in Sources */ = {isa = PBXBuildFile; fileRef = 810500962B81F86300EA2461 /* User.swift */; };
		812A66AF2B7B11B000692E85 /* SignUpController.swift in Sources */ = {isa = PBXBuildFile; fileRef = 812A66AE2B7B11B000692E85 /* SignUpController.swift */; };
		8145D08D2BA18E4000D0E9C6 /* MenuController.swift in Sources */ = {isa = PBXBuildFile; fileRef = 8145D08C2BA18E4000D0E9C6 /* MenuController.swift */; };
		8145D08F2BA18E5100D0E9C6 /* ContainerController.swift in Sources */ = {isa = PBXBuildFile; fileRef = 8145D08E2BA18E5100D0E9C6 /* ContainerController.swift */; };
		816D5F0F2B7FCCC9004C25A2 /* Constant.swift in Sources */ = {isa = PBXBuildFile; fileRef = 816D5F0E2B7FCCC9004C25A2 /* Constant.swift */; };
		816D5F112B7FD3E2004C25A2 /* LocationInputActivationView.swift in Sources */ = {isa = PBXBuildFile; fileRef = 816D5F102B7FD3E2004C25A2 /* LocationInputActivationView.swift */; };
		816D5F132B7FE615004C25A2 /* LocationInputView.swift in Sources */ = {isa = PBXBuildFile; fileRef = 816D5F122B7FE615004C25A2 /* LocationInputView.swift */; };
		817160ED2B8B951200B645B6 /* Trip.swift in Sources */ = {isa = PBXBuildFile; fileRef = 817160EC2B8B951200B645B6 /* Trip.swift */; };
		817160EF2B8BC05D00B645B6 /* PickupController.swift in Sources */ = {isa = PBXBuildFile; fileRef = 817160EE2B8BC05D00B645B6 /* PickupController.swift */; };
		8183AFED2B7BD4EF00B7AC57 /* AuthButton.swift in Sources */ = {isa = PBXBuildFile; fileRef = 8183AFEC2B7BD4EF00B7AC57 /* AuthButton.swift */; };
		8183AFEF2B7BDBF100B7AC57 /* GoogleService-Info.plist in Resources */ = {isa = PBXBuildFile; fileRef = 8183AFEE2B7BDBF100B7AC57 /* GoogleService-Info.plist */; };
		8183B0282B7BEA2300B7AC57 /* HomeController.swift in Sources */ = {isa = PBXBuildFile; fileRef = 8183B0272B7BEA2300B7AC57 /* HomeController.swift */; };
		8186DA162B825F6B004EE7BD /* LocationHandler.swift in Sources */ = {isa = PBXBuildFile; fileRef = 8186DA152B825F6B004EE7BD /* LocationHandler.swift */; };
		81988BDA2B8115F400188EDD /* LocationCell.swift in Sources */ = {isa = PBXBuildFile; fileRef = 81988BD92B8115F400188EDD /* LocationCell.swift */; };
		819A91562B7726E700C69888 /* AppDelegate.swift in Sources */ = {isa = PBXBuildFile; fileRef = 819A91552B7726E700C69888 /* AppDelegate.swift */; };
		819A91582B7726E700C69888 /* SceneDelegate.swift in Sources */ = {isa = PBXBuildFile; fileRef = 819A91572B7726E700C69888 /* SceneDelegate.swift */; };
		819A915D2B7726E700C69888 /* Main.storyboard in Resources */ = {isa = PBXBuildFile; fileRef = 819A915B2B7726E700C69888 /* Main.storyboard */; };
		819A915F2B7726E800C69888 /* Assets.xcassets in Resources */ = {isa = PBXBuildFile; fileRef = 819A915E2B7726E800C69888 /* Assets.xcassets */; };
		819A91622B7726E800C69888 /* LaunchScreen.storyboard in Resources */ = {isa = PBXBuildFile; fileRef = 819A91602B7726E800C69888 /* LaunchScreen.storyboard */; };
		819A91712B7728DF00C69888 /* LoginController.swift in Sources */ = {isa = PBXBuildFile; fileRef = 819A91702B7728DF00C69888 /* LoginController.swift */; };
		819A91732B77A7C000C69888 /* Extension.swift in Sources */ = {isa = PBXBuildFile; fileRef = 819A91722B77A7C000C69888 /* Extension.swift */; };
		81A0C7672B81A88D00AD4478 /* Service.swift in Sources */ = {isa = PBXBuildFile; fileRef = 81A0C7662B81A88D00AD4478 /* Service.swift */; };
		81CDAA3D2B84417400A81224 /* DriverAnnotation.swift in Sources */ = {isa = PBXBuildFile; fileRef = 81CDAA3C2B84417400A81224 /* DriverAnnotation.swift */; };
		81D99DCB2B8A5CCE00AE9ED2 /* RideActionView.swift in Sources */ = {isa = PBXBuildFile; fileRef = 81D99DCA2B8A5CCE00AE9ED2 /* RideActionView.swift */; };
/* End PBXBuildFile section */

/* Begin PBXFileReference section */
		1DCBA0FB49679D234A61A8D8 /* Pods_MyUber.framework */ = {isa = PBXFileReference; explicitFileType = wrapper.framework; includeInIndex = 0; path = Pods_MyUber.framework; sourceTree = BUILT_PRODUCTS_DIR; };
		810500962B81F86300EA2461 /* User.swift */ = {isa = PBXFileReference; lastKnownFileType = sourcecode.swift; path = User.swift; sourceTree = "<group>"; };
		812A66AE2B7B11B000692E85 /* SignUpController.swift */ = {isa = PBXFileReference; lastKnownFileType = sourcecode.swift; path = SignUpController.swift; sourceTree = "<group>"; };
		8145D08C2BA18E4000D0E9C6 /* MenuController.swift */ = {isa = PBXFileReference; lastKnownFileType = sourcecode.swift; path = MenuController.swift; sourceTree = "<group>"; };
		8145D08E2BA18E5100D0E9C6 /* ContainerController.swift */ = {isa = PBXFileReference; lastKnownFileType = sourcecode.swift; path = ContainerController.swift; sourceTree = "<group>"; };
		816D5F0E2B7FCCC9004C25A2 /* Constant.swift */ = {isa = PBXFileReference; lastKnownFileType = sourcecode.swift; path = Constant.swift; sourceTree = "<group>"; };
		816D5F102B7FD3E2004C25A2 /* LocationInputActivationView.swift */ = {isa = PBXFileReference; lastKnownFileType = sourcecode.swift; path = LocationInputActivationView.swift; sourceTree = "<group>"; };
		816D5F122B7FE615004C25A2 /* LocationInputView.swift */ = {isa = PBXFileReference; lastKnownFileType = sourcecode.swift; path = LocationInputView.swift; sourceTree = "<group>"; };
		817160EC2B8B951200B645B6 /* Trip.swift */ = {isa = PBXFileReference; lastKnownFileType = sourcecode.swift; path = Trip.swift; sourceTree = "<group>"; };
		817160EE2B8BC05D00B645B6 /* PickupController.swift */ = {isa = PBXFileReference; lastKnownFileType = sourcecode.swift; path = PickupController.swift; sourceTree = "<group>"; };
		8183AFEC2B7BD4EF00B7AC57 /* AuthButton.swift */ = {isa = PBXFileReference; lastKnownFileType = sourcecode.swift; path = AuthButton.swift; sourceTree = "<group>"; };
		8183AFEE2B7BDBF100B7AC57 /* GoogleService-Info.plist */ = {isa = PBXFileReference; fileEncoding = 4; lastKnownFileType = text.plist.xml; path = "GoogleService-Info.plist"; sourceTree = "<group>"; };
		8183B0272B7BEA2300B7AC57 /* HomeController.swift */ = {isa = PBXFileReference; lastKnownFileType = sourcecode.swift; path = HomeController.swift; sourceTree = "<group>"; };
		8186DA152B825F6B004EE7BD /* LocationHandler.swift */ = {isa = PBXFileReference; lastKnownFileType = sourcecode.swift; path = LocationHandler.swift; sourceTree = "<group>"; };
		81988BD92B8115F400188EDD /* LocationCell.swift */ = {isa = PBXFileReference; lastKnownFileType = sourcecode.swift; path = LocationCell.swift; sourceTree = "<group>"; };
		819A91522B7726E700C69888 /* MyUber.app */ = {isa = PBXFileReference; explicitFileType = wrapper.application; includeInIndex = 0; path = MyUber.app; sourceTree = BUILT_PRODUCTS_DIR; };
		819A91552B7726E700C69888 /* AppDelegate.swift */ = {isa = PBXFileReference; lastKnownFileType = sourcecode.swift; path = AppDelegate.swift; sourceTree = "<group>"; };
		819A91572B7726E700C69888 /* SceneDelegate.swift */ = {isa = PBXFileReference; lastKnownFileType = sourcecode.swift; path = SceneDelegate.swift; sourceTree = "<group>"; };
		819A915C2B7726E700C69888 /* Base */ = {isa = PBXFileReference; lastKnownFileType = file.storyboard; name = Base; path = Base.lproj/Main.storyboard; sourceTree = "<group>"; };
		819A915E2B7726E800C69888 /* Assets.xcassets */ = {isa = PBXFileReference; lastKnownFileType = folder.assetcatalog; path = Assets.xcassets; sourceTree = "<group>"; };
		819A91612B7726E800C69888 /* Base */ = {isa = PBXFileReference; lastKnownFileType = file.storyboard; name = Base; path = Base.lproj/LaunchScreen.storyboard; sourceTree = "<group>"; };
		819A91632B7726E800C69888 /* Info.plist */ = {isa = PBXFileReference; lastKnownFileType = text.plist.xml; path = Info.plist; sourceTree = "<group>"; };
		819A91702B7728DF00C69888 /* LoginController.swift */ = {isa = PBXFileReference; lastKnownFileType = sourcecode.swift; path = LoginController.swift; sourceTree = "<group>"; };
		819A91722B77A7C000C69888 /* Extension.swift */ = {isa = PBXFileReference; lastKnownFileType = sourcecode.swift; path = Extension.swift; sourceTree = "<group>"; };
		81A0C7662B81A88D00AD4478 /* Service.swift */ = {isa = PBXFileReference; lastKnownFileType = sourcecode.swift; path = Service.swift; sourceTree = "<group>"; };
		81CDAA3C2B84417400A81224 /* DriverAnnotation.swift */ = {isa = PBXFileReference; lastKnownFileType = sourcecode.swift; path = DriverAnnotation.swift; sourceTree = "<group>"; };
		81D99DCA2B8A5CCE00AE9ED2 /* RideActionView.swift */ = {isa = PBXFileReference; lastKnownFileType = sourcecode.swift; path = RideActionView.swift; sourceTree = "<group>"; };
		AFAA71FF601C22CF02E149CA /* Pods-MyUber.debug.xcconfig */ = {isa = PBXFileReference; includeInIndex = 1; lastKnownFileType = text.xcconfig; name = "Pods-MyUber.debug.xcconfig"; path = "Target Support Files/Pods-MyUber/Pods-MyUber.debug.xcconfig"; sourceTree = "<group>"; };
		EE3D5D1931ED91315E2503F7 /* Pods-MyUber.release.xcconfig */ = {isa = PBXFileReference; includeInIndex = 1; lastKnownFileType = text.xcconfig; name = "Pods-MyUber.release.xcconfig"; path = "Target Support Files/Pods-MyUber/Pods-MyUber.release.xcconfig"; sourceTree = "<group>"; };
/* End PBXFileReference section */

/* Begin PBXFrameworksBuildPhase section */
		819A914F2B7726E700C69888 /* Frameworks */ = {
			isa = PBXFrameworksBuildPhase;
			buildActionMask = 2147483647;
			files = (
				243E83E4CA4A7D75F2A6B066 /* Pods_MyUber.framework in Frameworks */,
			);
			runOnlyForDeploymentPostprocessing = 0;
		};
/* End PBXFrameworksBuildPhase section */

/* Begin PBXGroup section */
		4104542F85A9E7ACA251D3BA /* Frameworks */ = {
			isa = PBXGroup;
			children = (
				1DCBA0FB49679D234A61A8D8 /* Pods_MyUber.framework */,
			);
			name = Frameworks;
			sourceTree = "<group>";
		};
		8145D08A2BA18D9F00D0E9C6 /* Authentication */ = {
			isa = PBXGroup;
			children = (
				819A91702B7728DF00C69888 /* LoginController.swift */,
				812A66AE2B7B11B000692E85 /* SignUpController.swift */,
			);
			path = Authentication;
			sourceTree = "<group>";
		};
		8145D08B2BA18DB300D0E9C6 /* SideMenu */ = {
			isa = PBXGroup;
			children = (
				8145D08C2BA18E4000D0E9C6 /* MenuController.swift */,
				8145D08E2BA18E5100D0E9C6 /* ContainerController.swift */,
			);
			path = SideMenu;
			sourceTree = "<group>";
		};
		819A91492B7726E700C69888 = {
			isa = PBXGroup;
			children = (
				819A91542B7726E700C69888 /* MyUber */,
				819A91532B7726E700C69888 /* Products */,
				A9E2EF75242FE7B858599812 /* Pods */,
				4104542F85A9E7ACA251D3BA /* Frameworks */,
			);
			sourceTree = "<group>";
		};
		819A91532B7726E700C69888 /* Products */ = {
			isa = PBXGroup;
			children = (
				819A91522B7726E700C69888 /* MyUber.app */,
			);
			name = Products;
			sourceTree = "<group>";
		};
		819A91542B7726E700C69888 /* MyUber */ = {
			isa = PBXGroup;
			children = (
				819A916A2B77279B00C69888 /* Application */,
				819A916F2B77283900C69888 /* Model */,
				819A916E2B77283400C69888 /* View */,
				819A916D2B77283200C69888 /* Controller */,
				819A916C2B77282F00C69888 /* Service */,
				819A916B2B77282800C69888 /* Utils */,
				819A91692B77277600C69888 /* Supporting Files */,
			);
			path = MyUber;
			sourceTree = "<group>";
		};
		819A91692B77277600C69888 /* Supporting Files */ = {
			isa = PBXGroup;
			children = (
				819A915B2B7726E700C69888 /* Main.storyboard */,
				819A915E2B7726E800C69888 /* Assets.xcassets */,
				819A91602B7726E800C69888 /* LaunchScreen.storyboard */,
				819A91632B7726E800C69888 /* Info.plist */,
				8183AFEE2B7BDBF100B7AC57 /* GoogleService-Info.plist */,
			);
			path = "Supporting Files";
			sourceTree = "<group>";
		};
		819A916A2B77279B00C69888 /* Application */ = {
			isa = PBXGroup;
			children = (
				819A91552B7726E700C69888 /* AppDelegate.swift */,
				819A91572B7726E700C69888 /* SceneDelegate.swift */,
			);
			path = Application;
			sourceTree = "<group>";
		};
		819A916B2B77282800C69888 /* Utils */ = {
			isa = PBXGroup;
			children = (
				819A91722B77A7C000C69888 /* Extension.swift */,
				816D5F0E2B7FCCC9004C25A2 /* Constant.swift */,
				8186DA152B825F6B004EE7BD /* LocationHandler.swift */,
			);
			path = Utils;
			sourceTree = "<group>";
		};
		819A916C2B77282F00C69888 /* Service */ = {
			isa = PBXGroup;
			children = (
				81A0C7662B81A88D00AD4478 /* Service.swift */,
			);
			path = Service;
			sourceTree = "<group>";
		};
		819A916D2B77283200C69888 /* Controller */ = {
			isa = PBXGroup;
			children = (
				8145D08B2BA18DB300D0E9C6 /* SideMenu */,
				8145D08A2BA18D9F00D0E9C6 /* Authentication */,
				8183B0272B7BEA2300B7AC57 /* HomeController.swift */,
				817160EE2B8BC05D00B645B6 /* PickupController.swift */,
			);
			path = Controller;
			sourceTree = "<group>";
		};
		819A916E2B77283400C69888 /* View */ = {
			isa = PBXGroup;
			children = (
				8183AFEC2B7BD4EF00B7AC57 /* AuthButton.swift */,
				816D5F102B7FD3E2004C25A2 /* LocationInputActivationView.swift */,
				816D5F122B7FE615004C25A2 /* LocationInputView.swift */,
				81988BD92B8115F400188EDD /* LocationCell.swift */,
				81D99DCA2B8A5CCE00AE9ED2 /* RideActionView.swift */,
			);
			path = View;
			sourceTree = "<group>";
		};
		819A916F2B77283900C69888 /* Model */ = {
			isa = PBXGroup;
			children = (
				810500962B81F86300EA2461 /* User.swift */,
				81CDAA3C2B84417400A81224 /* DriverAnnotation.swift */,
				817160EC2B8B951200B645B6 /* Trip.swift */,
			);
			path = Model;
			sourceTree = "<group>";
		};
		A9E2EF75242FE7B858599812 /* Pods */ = {
			isa = PBXGroup;
			children = (
				AFAA71FF601C22CF02E149CA /* Pods-MyUber.debug.xcconfig */,
				EE3D5D1931ED91315E2503F7 /* Pods-MyUber.release.xcconfig */,
			);
			path = Pods;
			sourceTree = "<group>";
		};
/* End PBXGroup section */

/* Begin PBXNativeTarget section */
		819A91512B7726E700C69888 /* MyUber */ = {
			isa = PBXNativeTarget;
			buildConfigurationList = 819A91662B7726E800C69888 /* Build configuration list for PBXNativeTarget "MyUber" */;
			buildPhases = (
				55C8E2537F3627E35E4DDD77 /* [CP] Check Pods Manifest.lock */,
				819A914E2B7726E700C69888 /* Sources */,
				819A914F2B7726E700C69888 /* Frameworks */,
				819A91502B7726E700C69888 /* Resources */,
				B1CE750A3F1E4308E85C3CC2 /* [CP] Embed Pods Frameworks */,
			);
			buildRules = (
			);
			dependencies = (
			);
			name = MyUber;
			packageProductDependencies = (
			);
			productName = MyUber;
			productReference = 819A91522B7726E700C69888 /* MyUber.app */;
			productType = "com.apple.product-type.application";
		};
/* End PBXNativeTarget section */

/* Begin PBXProject section */
		819A914A2B7726E700C69888 /* Project object */ = {
			isa = PBXProject;
			attributes = {
				BuildIndependentTargetsInParallel = 1;
				LastSwiftUpdateCheck = 1500;
				LastUpgradeCheck = 1500;
				TargetAttributes = {
					819A91512B7726E700C69888 = {
						CreatedOnToolsVersion = 15.0.1;
					};
				};
			};
			buildConfigurationList = 819A914D2B7726E700C69888 /* Build configuration list for PBXProject "MyUber" */;
			compatibilityVersion = "Xcode 14.0";
			developmentRegion = en;
			hasScannedForEncodings = 0;
			knownRegions = (
				en,
				Base,
			);
			mainGroup = 819A91492B7726E700C69888;
			packageReferences = (
			);
			productRefGroup = 819A91532B7726E700C69888 /* Products */;
			projectDirPath = "";
			projectRoot = "";
			targets = (
				819A91512B7726E700C69888 /* MyUber */,
			);
		};
/* End PBXProject section */

/* Begin PBXResourcesBuildPhase section */
		819A91502B7726E700C69888 /* Resources */ = {
			isa = PBXResourcesBuildPhase;
			buildActionMask = 2147483647;
			files = (
				819A91622B7726E800C69888 /* LaunchScreen.storyboard in Resources */,
				8183AFEF2B7BDBF100B7AC57 /* GoogleService-Info.plist in Resources */,
				819A915F2B7726E800C69888 /* Assets.xcassets in Resources */,
				819A915D2B7726E700C69888 /* Main.storyboard in Resources */,
			);
			runOnlyForDeploymentPostprocessing = 0;
		};
/* End PBXResourcesBuildPhase section */

/* Begin PBXShellScriptBuildPhase section */
		55C8E2537F3627E35E4DDD77 /* [CP] Check Pods Manifest.lock */ = {
			isa = PBXShellScriptBuildPhase;
			buildActionMask = 2147483647;
			files = (
			);
			inputFileListPaths = (
			);
			inputPaths = (
				"${PODS_PODFILE_DIR_PATH}/Podfile.lock",
				"${PODS_ROOT}/Manifest.lock",
			);
			name = "[CP] Check Pods Manifest.lock";
			outputFileListPaths = (
			);
			outputPaths = (
				"$(DERIVED_FILE_DIR)/Pods-MyUber-checkManifestLockResult.txt",
			);
			runOnlyForDeploymentPostprocessing = 0;
			shellPath = /bin/sh;
			shellScript = "diff \"${PODS_PODFILE_DIR_PATH}/Podfile.lock\" \"${PODS_ROOT}/Manifest.lock\" > /dev/null\nif [ $? != 0 ] ; then\n    # print error to STDERR\n    echo \"error: The sandbox is not in sync with the Podfile.lock. Run 'pod install' or update your CocoaPods installation.\" >&2\n    exit 1\nfi\n# This output is used by Xcode 'outputs' to avoid re-running this script phase.\necho \"SUCCESS\" > \"${SCRIPT_OUTPUT_FILE_0}\"\n";
			showEnvVarsInLog = 0;
		};
		B1CE750A3F1E4308E85C3CC2 /* [CP] Embed Pods Frameworks */ = {
			isa = PBXShellScriptBuildPhase;
			buildActionMask = 2147483647;
			files = (
			);
			inputFileListPaths = (
				"${PODS_ROOT}/Target Support Files/Pods-MyUber/Pods-MyUber-frameworks-${CONFIGURATION}-input-files.xcfilelist",
			);
			name = "[CP] Embed Pods Frameworks";
			outputFileListPaths = (
				"${PODS_ROOT}/Target Support Files/Pods-MyUber/Pods-MyUber-frameworks-${CONFIGURATION}-output-files.xcfilelist",
			);
			runOnlyForDeploymentPostprocessing = 0;
			shellPath = /bin/sh;
			shellScript = "\"${PODS_ROOT}/Target Support Files/Pods-MyUber/Pods-MyUber-frameworks.sh\"\n";
			showEnvVarsInLog = 0;
		};
/* End PBXShellScriptBuildPhase section */

/* Begin PBXSourcesBuildPhase section */
		819A914E2B7726E700C69888 /* Sources */ = {
			isa = PBXSourcesBuildPhase;
			buildActionMask = 2147483647;
			files = (
				810500972B81F86300EA2461 /* User.swift in Sources */,
				812A66AF2B7B11B000692E85 /* SignUpController.swift in Sources */,
				8183AFED2B7BD4EF00B7AC57 /* AuthButton.swift in Sources */,
				8183B0282B7BEA2300B7AC57 /* HomeController.swift in Sources */,
				8145D08D2BA18E4000D0E9C6 /* MenuController.swift in Sources */,
				81CDAA3D2B84417400A81224 /* DriverAnnotation.swift in Sources */,
				816D5F0F2B7FCCC9004C25A2 /* Constant.swift in Sources */,
				8186DA162B825F6B004EE7BD /* LocationHandler.swift in Sources */,
				816D5F132B7FE615004C25A2 /* LocationInputView.swift in Sources */,
				81A0C7672B81A88D00AD4478 /* Service.swift in Sources */,
				816D5F112B7FD3E2004C25A2 /* LocationInputActivationView.swift in Sources */,
				8145D08F2BA18E5100D0E9C6 /* ContainerController.swift in Sources */,
				81988BDA2B8115F400188EDD /* LocationCell.swift in Sources */,
				819A91712B7728DF00C69888 /* LoginController.swift in Sources */,
				81D99DCB2B8A5CCE00AE9ED2 /* RideActionView.swift in Sources */,
				819A91562B7726E700C69888 /* AppDelegate.swift in Sources */,
				819A91582B7726E700C69888 /* SceneDelegate.swift in Sources */,
				817160ED2B8B951200B645B6 /* Trip.swift in Sources */,
				819A91732B77A7C000C69888 /* Extension.swift in Sources */,
				817160EF2B8BC05D00B645B6 /* PickupController.swift in Sources */,
			);
			runOnlyForDeploymentPostprocessing = 0;
		};
/* End PBXSourcesBuildPhase section */

/* Begin PBXVariantGroup section */
		819A915B2B7726E700C69888 /* Main.storyboard */ = {
			isa = PBXVariantGroup;
			children = (
				819A915C2B7726E700C69888 /* Base */,
			);
			name = Main.storyboard;
			sourceTree = "<group>";
		};
		819A91602B7726E800C69888 /* LaunchScreen.storyboard */ = {
			isa = PBXVariantGroup;
			children = (
				819A91612B7726E800C69888 /* Base */,
			);
			name = LaunchScreen.storyboard;
			sourceTree = "<group>";
		};
/* End PBXVariantGroup section */

/* Begin XCBuildConfiguration section */
		819A91642B7726E800C69888 /* Debug */ = {
			isa = XCBuildConfiguration;
			buildSettings = {
				ALWAYS_SEARCH_USER_PATHS = NO;
				ASSETCATALOG_COMPILER_GENERATE_SWIFT_ASSET_SYMBOL_EXTENSIONS = YES;
				CLANG_ANALYZER_NONNULL = YES;
				CLANG_ANALYZER_NUMBER_OBJECT_CONVERSION = YES_AGGRESSIVE;
				CLANG_CXX_LANGUAGE_STANDARD = "gnu++20";
				CLANG_ENABLE_MODULES = YES;
				CLANG_ENABLE_OBJC_ARC = YES;
				CLANG_ENABLE_OBJC_WEAK = YES;
				CLANG_WARN_BLOCK_CAPTURE_AUTORELEASING = YES;
				CLANG_WARN_BOOL_CONVERSION = YES;
				CLANG_WARN_COMMA = YES;
				CLANG_WARN_CONSTANT_CONVERSION = YES;
				CLANG_WARN_DEPRECATED_OBJC_IMPLEMENTATIONS = YES;
				CLANG_WARN_DIRECT_OBJC_ISA_USAGE = YES_ERROR;
				CLANG_WARN_DOCUMENTATION_COMMENTS = YES;
				CLANG_WARN_EMPTY_BODY = YES;
				CLANG_WARN_ENUM_CONVERSION = YES;
				CLANG_WARN_INFINITE_RECURSION = YES;
				CLANG_WARN_INT_CONVERSION = YES;
				CLANG_WARN_NON_LITERAL_NULL_CONVERSION = YES;
				CLANG_WARN_OBJC_IMPLICIT_RETAIN_SELF = YES;
				CLANG_WARN_OBJC_LITERAL_CONVERSION = YES;
				CLANG_WARN_OBJC_ROOT_CLASS = YES_ERROR;
				CLANG_WARN_QUOTED_INCLUDE_IN_FRAMEWORK_HEADER = YES;
				CLANG_WARN_RANGE_LOOP_ANALYSIS = YES;
				CLANG_WARN_STRICT_PROTOTYPES = YES;
				CLANG_WARN_SUSPICIOUS_MOVE = YES;
				CLANG_WARN_UNGUARDED_AVAILABILITY = YES_AGGRESSIVE;
				CLANG_WARN_UNREACHABLE_CODE = YES;
				CLANG_WARN__DUPLICATE_METHOD_MATCH = YES;
				COPY_PHASE_STRIP = NO;
				DEBUG_INFORMATION_FORMAT = dwarf;
				ENABLE_STRICT_OBJC_MSGSEND = YES;
				ENABLE_TESTABILITY = YES;
				ENABLE_USER_SCRIPT_SANDBOXING = YES;
				GCC_C_LANGUAGE_STANDARD = gnu17;
				GCC_DYNAMIC_NO_PIC = NO;
				GCC_NO_COMMON_BLOCKS = YES;
				GCC_OPTIMIZATION_LEVEL = 0;
				GCC_PREPROCESSOR_DEFINITIONS = (
					"DEBUG=1",
					"$(inherited)",
				);
				GCC_WARN_64_TO_32_BIT_CONVERSION = YES;
				GCC_WARN_ABOUT_RETURN_TYPE = YES_ERROR;
				GCC_WARN_UNDECLARED_SELECTOR = YES;
				GCC_WARN_UNINITIALIZED_AUTOS = YES_AGGRESSIVE;
				GCC_WARN_UNUSED_FUNCTION = YES;
				GCC_WARN_UNUSED_VARIABLE = YES;
				IPHONEOS_DEPLOYMENT_TARGET = 17.0;
				LOCALIZATION_PREFERS_STRING_CATALOGS = YES;
				MTL_ENABLE_DEBUG_INFO = INCLUDE_SOURCE;
				MTL_FAST_MATH = YES;
				ONLY_ACTIVE_ARCH = YES;
				SDKROOT = iphoneos;
				SWIFT_ACTIVE_COMPILATION_CONDITIONS = "DEBUG $(inherited)";
				SWIFT_OPTIMIZATION_LEVEL = "-Onone";
			};
			name = Debug;
		};
		819A91652B7726E800C69888 /* Release */ = {
			isa = XCBuildConfiguration;
			buildSettings = {
				ALWAYS_SEARCH_USER_PATHS = NO;
				ASSETCATALOG_COMPILER_GENERATE_SWIFT_ASSET_SYMBOL_EXTENSIONS = YES;
				CLANG_ANALYZER_NONNULL = YES;
				CLANG_ANALYZER_NUMBER_OBJECT_CONVERSION = YES_AGGRESSIVE;
				CLANG_CXX_LANGUAGE_STANDARD = "gnu++20";
				CLANG_ENABLE_MODULES = YES;
				CLANG_ENABLE_OBJC_ARC = YES;
				CLANG_ENABLE_OBJC_WEAK = YES;
				CLANG_WARN_BLOCK_CAPTURE_AUTORELEASING = YES;
				CLANG_WARN_BOOL_CONVERSION = YES;
				CLANG_WARN_COMMA = YES;
				CLANG_WARN_CONSTANT_CONVERSION = YES;
				CLANG_WARN_DEPRECATED_OBJC_IMPLEMENTATIONS = YES;
				CLANG_WARN_DIRECT_OBJC_ISA_USAGE = YES_ERROR;
				CLANG_WARN_DOCUMENTATION_COMMENTS = YES;
				CLANG_WARN_EMPTY_BODY = YES;
				CLANG_WARN_ENUM_CONVERSION = YES;
				CLANG_WARN_INFINITE_RECURSION = YES;
				CLANG_WARN_INT_CONVERSION = YES;
				CLANG_WARN_NON_LITERAL_NULL_CONVERSION = YES;
				CLANG_WARN_OBJC_IMPLICIT_RETAIN_SELF = YES;
				CLANG_WARN_OBJC_LITERAL_CONVERSION = YES;
				CLANG_WARN_OBJC_ROOT_CLASS = YES_ERROR;
				CLANG_WARN_QUOTED_INCLUDE_IN_FRAMEWORK_HEADER = YES;
				CLANG_WARN_RANGE_LOOP_ANALYSIS = YES;
				CLANG_WARN_STRICT_PROTOTYPES = YES;
				CLANG_WARN_SUSPICIOUS_MOVE = YES;
				CLANG_WARN_UNGUARDED_AVAILABILITY = YES_AGGRESSIVE;
				CLANG_WARN_UNREACHABLE_CODE = YES;
				CLANG_WARN__DUPLICATE_METHOD_MATCH = YES;
				COPY_PHASE_STRIP = NO;
				DEBUG_INFORMATION_FORMAT = "dwarf-with-dsym";
				ENABLE_NS_ASSERTIONS = NO;
				ENABLE_STRICT_OBJC_MSGSEND = YES;
				ENABLE_USER_SCRIPT_SANDBOXING = YES;
				GCC_C_LANGUAGE_STANDARD = gnu17;
				GCC_NO_COMMON_BLOCKS = YES;
				GCC_WARN_64_TO_32_BIT_CONVERSION = YES;
				GCC_WARN_ABOUT_RETURN_TYPE = YES_ERROR;
				GCC_WARN_UNDECLARED_SELECTOR = YES;
				GCC_WARN_UNINITIALIZED_AUTOS = YES_AGGRESSIVE;
				GCC_WARN_UNUSED_FUNCTION = YES;
				GCC_WARN_UNUSED_VARIABLE = YES;
				IPHONEOS_DEPLOYMENT_TARGET = 17.0;
				LOCALIZATION_PREFERS_STRING_CATALOGS = YES;
				MTL_ENABLE_DEBUG_INFO = NO;
				MTL_FAST_MATH = YES;
				SDKROOT = iphoneos;
				SWIFT_COMPILATION_MODE = wholemodule;
				VALIDATE_PRODUCT = YES;
			};
			name = Release;
		};
		819A91672B7726E800C69888 /* Debug */ = {
			isa = XCBuildConfiguration;
			baseConfigurationReference = AFAA71FF601C22CF02E149CA /* Pods-MyUber.debug.xcconfig */;
			buildSettings = {
				ASSETCATALOG_COMPILER_APPICON_NAME = AppIcon;
				ASSETCATALOG_COMPILER_GLOBAL_ACCENT_COLOR_NAME = AccentColor;
				CODE_SIGN_STYLE = Automatic;
				CURRENT_PROJECT_VERSION = 1;
				DEVELOPMENT_TEAM = 4CJW76Y9FL;
				ENABLE_USER_SCRIPT_SANDBOXING = NO;
				GENERATE_INFOPLIST_FILE = YES;
				INFOPLIST_FILE = "MyUber/Supporting Files/Info.plist";
				INFOPLIST_KEY_NSLocationAlwaysAndWhenInUseUsageDescription = "Location acess needed.(Always and When)";
				INFOPLIST_KEY_NSLocationAlwaysUsageDescription = "Location acess needed.(Always)";
				INFOPLIST_KEY_NSLocationWhenInUseUsageDescription = "Location acess needed.(When)";
				INFOPLIST_KEY_UIApplicationSupportsIndirectInputEvents = YES;
				INFOPLIST_KEY_UILaunchStoryboardName = LaunchScreen;
				INFOPLIST_KEY_UIMainStoryboardFile = Main;
				INFOPLIST_KEY_UISupportedInterfaceOrientations_iPad = "UIInterfaceOrientationPortrait UIInterfaceOrientationPortraitUpsideDown UIInterfaceOrientationLandscapeLeft UIInterfaceOrientationLandscapeRight";
				INFOPLIST_KEY_UISupportedInterfaceOrientations_iPhone = "UIInterfaceOrientationPortrait UIInterfaceOrientationLandscapeLeft UIInterfaceOrientationLandscapeRight";
				IPHONEOS_DEPLOYMENT_TARGET = 17.0;
				LD_RUNPATH_SEARCH_PATHS = (
					"$(inherited)",
					"@executable_path/Frameworks",
				);
				MARKETING_VERSION = 1.0;
				PRODUCT_BUNDLE_IDENTIFIER = Sahil.Amrut.Agashe.com.MyUberSAA;
				PRODUCT_NAME = "$(TARGET_NAME)";
				SWIFT_EMIT_LOC_STRINGS = YES;
				SWIFT_VERSION = 5.0;
				TARGETED_DEVICE_FAMILY = "1,2";
			};
			name = Debug;
		};
		819A91682B7726E800C69888 /* Release */ = {
			isa = XCBuildConfiguration;
			baseConfigurationReference = EE3D5D1931ED91315E2503F7 /* Pods-MyUber.release.xcconfig */;
			buildSettings = {
				ASSETCATALOG_COMPILER_APPICON_NAME = AppIcon;
				ASSETCATALOG_COMPILER_GLOBAL_ACCENT_COLOR_NAME = AccentColor;
				CODE_SIGN_STYLE = Automatic;
				CURRENT_PROJECT_VERSION = 1;
				DEVELOPMENT_TEAM = 4CJW76Y9FL;
				ENABLE_USER_SCRIPT_SANDBOXING = NO;
				GENERATE_INFOPLIST_FILE = YES;
				INFOPLIST_FILE = "MyUber/Supporting Files/Info.plist";
				INFOPLIST_KEY_NSLocationAlwaysAndWhenInUseUsageDescription = "Location acess needed.(Always and When)";
				INFOPLIST_KEY_NSLocationAlwaysUsageDescription = "Location acess needed.(Always)";
				INFOPLIST_KEY_NSLocationWhenInUseUsageDescription = "Location acess needed.(When)";
				INFOPLIST_KEY_UIApplicationSupportsIndirectInputEvents = YES;
				INFOPLIST_KEY_UILaunchStoryboardName = LaunchScreen;
				INFOPLIST_KEY_UIMainStoryboardFile = Main;
				INFOPLIST_KEY_UISupportedInterfaceOrientations_iPad = "UIInterfaceOrientationPortrait UIInterfaceOrientationPortraitUpsideDown UIInterfaceOrientationLandscapeLeft UIInterfaceOrientationLandscapeRight";
				INFOPLIST_KEY_UISupportedInterfaceOrientations_iPhone = "UIInterfaceOrientationPortrait UIInterfaceOrientationLandscapeLeft UIInterfaceOrientationLandscapeRight";
				IPHONEOS_DEPLOYMENT_TARGET = 17.0;
				LD_RUNPATH_SEARCH_PATHS = (
					"$(inherited)",
					"@executable_path/Frameworks",
				);
				MARKETING_VERSION = 1.0;
				PRODUCT_BUNDLE_IDENTIFIER = Sahil.Amrut.Agashe.com.MyUberSAA;
				PRODUCT_NAME = "$(TARGET_NAME)";
				SWIFT_EMIT_LOC_STRINGS = YES;
				SWIFT_VERSION = 5.0;
				TARGETED_DEVICE_FAMILY = "1,2";
			};
			name = Release;
		};
/* End XCBuildConfiguration section */

/* Begin XCConfigurationList section */
		819A914D2B7726E700C69888 /* Build configuration list for PBXProject "MyUber" */ = {
			isa = XCConfigurationList;
			buildConfigurations = (
				819A91642B7726E800C69888 /* Debug */,
				819A91652B7726E800C69888 /* Release */,
			);
			defaultConfigurationIsVisible = 0;
			defaultConfigurationName = Release;
		};
		819A91662B7726E800C69888 /* Build configuration list for PBXNativeTarget "MyUber" */ = {
			isa = XCConfigurationList;
			buildConfigurations = (
				819A91672B7726E800C69888 /* Debug */,
				819A91682B7726E800C69888 /* Release */,
			);
			defaultConfigurationIsVisible = 0;
			defaultConfigurationName = Release;
		};
/* End XCConfigurationList section */
	};
	rootObject = 819A914A2B7726E700C69888 /* Project object */;
}
